
Microsoft Visual Studio Solution File, Format Version 12.00
# Visual Studio Version 17
VisualStudioVersion = 17.4.33213.308
MinimumVisualStudioVersion = 10.0.40219.1
Project("{FAE04EC0-301F-11D3-BF4B-00C04F79EFBC}") = "task1", "task1\task1.csproj", "{3EE20EA1-7454-446D-8F05-40AC9ACBD74B}"
EndProject
Global
	GlobalSection(SolutionConfigurationPlatforms) = preSolution
		Debug|Any CPU = Debug|Any CPU
		Release|Any CPU = Release|Any CPU
	EndGlobalSection
	GlobalSection(ProjectConfigurationPlatforms) = postSolution
		{3EE20EA1-7454-446D-8F05-40AC9ACBD74B}.Debug|Any CPU.ActiveCfg = Debug|Any CPU
		{3EE20EA1-7454-446D-8F05-40AC9ACBD74B}.Debug|Any CPU.Build.0 = Debug|Any CPU
		{3EE20EA1-7454-446D-8F05-40AC9ACBD74B}.Release|Any CPU.ActiveCfg = Release|Any CPU
		{3EE20EA1-7454-446D-8F05-40AC9ACBD74B}.Release|Any CPU.Build.0 = Release|Any CPU
	EndGlobalSection
	GlobalSection(SolutionProperties) = preSolution
		HideSolutionNode = FALSE
	EndGlobalSection
	GlobalSection(ExtensibilityGlobals) = postSolution
		SolutionGuid = {08513DDD-F814-44FB-A091-7810D9FDFBB2}
	EndGlobalSection
EndGlobal
